Microsoft Visual Studio Solution File, Format Version 12.00
# Visual Studio 2012
Project("{FAE04EC0-301F-11D3-BF4B-00C04F79EFBC}") = "inferno", "inferno.csproj", "{CBF0B305-45B9-4C18-87E4-5DFADBCF8E19}"
EndProject
Global
	GlobalSection(SolutionConfigurationPlatforms) = preSolution
	Debug|Any CPU = Debug|Any CPU
	Release|Any CPU = Release|Any CPU
	Tools|Any CPU = Tools|Any CPU
	EndGlobalSection
	GlobalSection(ProjectConfigurationPlatforms) = postSolution
		{CBF0B305-45B9-4C18-87E4-5DFADBCF8E19}.Debug|Any CPU.ActiveCfg = Debug|Any CPU
		{CBF0B305-45B9-4C18-87E4-5DFADBCF8E19}.Debug|Any CPU.Build.0 = Debug|Any CPU
		{CBF0B305-45B9-4C18-87E4-5DFADBCF8E19}.Release|Any CPU.ActiveCfg = Release|Any CPU
		{CBF0B305-45B9-4C18-87E4-5DFADBCF8E19}.Release|Any CPU.Build.0 = Release|Any CPU
		{CBF0B305-45B9-4C18-87E4-5DFADBCF8E19}.Tools|Any CPU.ActiveCfg = Tools|Any CPU
		{CBF0B305-45B9-4C18-87E4-5DFADBCF8E19}.Tools|Any CPU.Build.0 = Tools|Any CPU
	EndGlobalSection
EndGlobal
